
Microsoft Visual Studio Solution File, Format Version 12.00
# Visual Studio Version 16
VisualStudioVersion = 16.0.29503.13
MinimumVisualStudioVersion = 10.0.40219.1
Project("{FAE04EC0-301F-11D3-BF4B-00C04F79EFBC}") = "TECresAPI", "TECresAPI.csproj", "{99DACA7B-2B44-41D1-83C2-0945EC029302}"
EndProject
Global
	GlobalSection(SolutionConfigurationPlatforms) = preSolution
		Debug|Any CPU = Debug|Any CPU
		Release|Any CPU = Release|Any CPU
	EndGlobalSection
	GlobalSection(ProjectConfigurationPlatforms) = postSolution
		{99DACA7B-2B44-41D1-83C2-0945EC029302}.Debug|Any CPU.ActiveCfg = Debug|Any CPU
		{99DACA7B-2B44-41D1-83C2-0945EC029302}.Debug|Any CPU.Build.0 = Debug|Any CPU
		{99DACA7B-2B44-41D1-83C2-0945EC029302}.Release|Any CPU.ActiveCfg = Release|Any CPU
		{99DACA7B-2B44-41D1-83C2-0945EC029302}.Release|Any CPU.Build.0 = Release|Any CPU
	EndGlobalSection
	GlobalSection(SolutionProperties) = preSolution
		HideSolutionNode = FALSE
	EndGlobalSection
	GlobalSection(ExtensibilityGlobals) = postSolution
		SolutionGuid = {796F8883-650F-4318-AB4D-33F8A77CFE62}
	EndGlobalSection
EndGlobal
